{
    "_readme": [
        "This file locks the dependencies of your project to a known state",
        "Read more about it at https://getcomposer.org/doc/01-basic-usage.md#installing-dependencies",
        "This file is @generated automatically"
    ],
    "content-hash": "17b6d78337e33583cb01d2ddac3ec0d7",
    "packages": [
        {
            "name": "astrotomic/php-twemoji",
            "version": "dev-fast-regexp",
            "source": {
                "type": "git",
                "url": "https://github.com/wermipls/php-twemoji.git",
                "reference": "5d2bef73cdbe6b540e4bfa78896be9710e47c9bb"
            },
            "dist": {
                "type": "zip",
                "url": "https://api.github.com/repos/wermipls/php-twemoji/zipball/5d2bef73cdbe6b540e4bfa78896be9710e47c9bb",
                "reference": "5d2bef73cdbe6b540e4bfa78896be9710e47c9bb",
                "shasum": ""
            },
            "require": {
                "ext-json": "*",
                "ext-mbstring": "*",
                "php": "^7.4 || ^8.0"
            },
            "require-dev": {
                "pestphp/pest": "^0.3.0",
                "s9e/regexp-builder": "^1.4",
                "spatie/emoji": "^2.3.0",
                "spatie/pest-plugin-snapshots": "^1.0"
            },
            "suggest": {
                "spatie/emoji": "*"
            },
            "type": "library",
            "autoload": {
                "psr-4": {
                    "Astrotomic\\Twemoji\\": "src"
                }
            },
            "scripts": {
                "generate": [
                    "php ./generate.php"
                ],
                "test": [
                    "vendor/bin/pest"
                ]
            },
            "license": [
                "MIT"
            ],
            "authors": [
                {
                    "name": "Tom Witkowski",
                    "email": "gummibeer@astrotomic.info",
                    "homepage": "https://astrotomic.info",
                    "role": "Developer"
                }
            ],
            "description": "Easily generate Twemoji URLs",
            "homepage": "https://github.com/Astrotomic/php-twemoji",
            "keywords": [
                "emoji",
                "twemoji",
                "unicode"
            ],
            "support": {
                "source": "https://github.com/wermipls/php-twemoji/tree/fast-regexp"
            },
            "time": "2023-09-30T08:02:31+00:00"
        },
        {
            "name": "erusev/parsedown",
            "version": "1.7.4",
            "source": {
                "type": "git",
                "url": "https://github.com/erusev/parsedown.git",
                "reference": "cb17b6477dfff935958ba01325f2e8a2bfa6dab3"
            },
            "dist": {
                "type": "zip",
                "url": "https://api.github.com/repos/erusev/parsedown/zipball/cb17b6477dfff935958ba01325f2e8a2bfa6dab3",
                "reference": "cb17b6477dfff935958ba01325f2e8a2bfa6dab3",
                "shasum": ""
            },
            "require": {
                "ext-mbstring": "*",
                "php": ">=5.3.0"
            },
            "require-dev": {
                "phpunit/phpunit": "^4.8.35"
            },
            "type": "library",
            "autoload": {
                "psr-0": {
                    "Parsedown": ""
                }
            },
            "notification-url": "https://packagist.org/downloads/",
            "license": [
                "MIT"
            ],
            "authors": [
                {
                    "name": "Emanuil Rusev",
                    "email": "hello@erusev.com",
                    "homepage": "http://erusev.com"
                }
            ],
            "description": "Parser for Markdown.",
            "homepage": "http://parsedown.org",
            "keywords": [
                "markdown",
                "parser"
            ],
            "support": {
                "issues": "https://github.com/erusev/parsedown/issues",
                "source": "https://github.com/erusev/parsedown/tree/1.7.x"
            },
            "time": "2019-12-30T22:54:17+00:00"
        }
    ],
    "packages-dev": [],
    "aliases": [],
    "minimum-stability": "stable",
    "stability-flags": {
        "astrotomic/php-twemoji": 20
    },
    "prefer-stable": false,
    "prefer-lowest": false,
    "platform": [],
    "platform-dev": [],
    "plugin-api-version": "2.6.0"
}
